// !$*UTF8*$!
{
	archiveVersion = 1;
	classes = {
	};
	objectVersion = 46;
	objects = {

/* Begin PBXBuildFile section */
		99F52FEC1AAA9FA2003FF448 /* AppDelegate.swift in Sources */ = {isa = PBXBuildFile; fileRef = 99F52FEB1AAA9FA2003FF448 /* AppDelegate.swift */; };
		99F52FF11AAA9FA2003FF448 /* Main.storyboard in Resources */ = {isa = PBXBuildFile; fileRef = 99F52FEF1AAA9FA2003FF448 /* Main.storyboard */; };
		99F52FF31AAA9FA2003FF448 /* Images.xcassets in Resources */ = {isa = PBXBuildFile; fileRef = 99F52FF21AAA9FA2003FF448 /* Images.xcassets */; };
		99F52FF61AAA9FA2003FF448 /* LaunchScreen.xib in Resources */ = {isa = PBXBuildFile; fileRef = 99F52FF41AAA9FA2003FF448 /* LaunchScreen.xib */; };
		99F530021AAA9FA2003FF448 /* TripHackTests.swift in Sources */ = {isa = PBXBuildFile; fileRef = 99F530011AAA9FA2003FF448 /* TripHackTests.swift */; };
		99F5300E1AAAA0B8003FF448 /* WebViewController.swift in Sources */ = {isa = PBXBuildFile; fileRef = 99F5300D1AAAA0B8003FF448 /* WebViewController.swift */; };
		99F530111AAAA127003FF448 /* NavigationController.swift in Sources */ = {isa = PBXBuildFile; fileRef = 99F530101AAAA127003FF448 /* NavigationController.swift */; };
		99F530131AAAA17E003FF448 /* TableViewController.swift in Sources */ = {isa = PBXBuildFile; fileRef = 99F530121AAAA17E003FF448 /* TableViewController.swift */; };
		99F530171AAAA4C8003FF448 /* TableViewCell.swift in Sources */ = {isa = PBXBuildFile; fileRef = 99F530161AAAA4C8003FF448 /* TableViewCell.swift */; };
/* End PBXBuildFile section */

/* Begin PBXContainerItemProxy section */
		99F52FFC1AAA9FA2003FF448 /* PBXContainerItemProxy */ = {
			isa = PBXContainerItemProxy;
			containerPortal = 99F52FDE1AAA9FA2003FF448 /* Project object */;
			proxyType = 1;
			remoteGlobalIDString = 99F52FE51AAA9FA2003FF448;
			remoteInfo = TripHack;
		};
/* End PBXContainerItemProxy section */

/* Begin PBXFileReference section */
		99F52FE61AAA9FA2003FF448 /* TripHack.app */ = {isa = PBXFileReference; explicitFileType = wrapper.application; includeInIndex = 0; path = TripHack.app; sourceTree = BUILT_PRODUCTS_DIR; };
		99F52FEA1AAA9FA2003FF448 /* Info.plist */ = {isa = PBXFileReference; lastKnownFileType = text.plist.xml; path = Info.plist; sourceTree = "<group>"; };
		99F52FEB1AAA9FA2003FF448 /* AppDelegate.swift */ = {isa = PBXFileReference; lastKnownFileType = sourcecode.swift; path = AppDelegate.swift; sourceTree = "<group>"; };
		99F52FF01AAA9FA2003FF448 /* Base */ = {isa = PBXFileReference; lastKnownFileType = file.storyboard; name = Base; path = Base.lproj/Main.storyboard; sourceTree = "<group>"; };
		99F52FF21AAA9FA2003FF448 /* Images.xcassets */ = {isa = PBXFileReference; lastKnownFileType = folder.assetcatalog; path = Images.xcassets; sourceTree = "<group>"; };
		99F52FF51AAA9FA2003FF448 /* Base */ = {isa = PBXFileReference; lastKnownFileType = file.xib; name = Base; path = Base.lproj/LaunchScreen.xib; sourceTree = "<group>"; };
		99F52FFB1AAA9FA2003FF448 /* TripHackTests.xctest */ = {isa = PBXFileReference; explicitFileType = wrapper.cfbundle; includeInIndex = 0; path = TripHackTests.xctest; sourceTree = BUILT_PRODUCTS_DIR; };
		99F530001AAA9FA2003FF448 /* Info.plist */ = {isa = PBXFileReference; lastKnownFileType = text.plist.xml; path = Info.plist; sourceTree = "<group>"; };
		99F530011AAA9FA2003FF448 /* TripHackTests.swift */ = {isa = PBXFileReference; lastKnownFileType = sourcecode.swift; path = TripHackTests.swift; sourceTree = "<group>"; };
		99F5300D1AAAA0B8003FF448 /* WebViewController.swift */ = {isa = PBXFileReference; fileEncoding = 4; lastKnownFileType = sourcecode.swift; name = WebViewController.swift; path = ../WebViewController.swift; sourceTree = "<group>"; };
		99F530101AAAA127003FF448 /* NavigationController.swift */ = {isa = PBXFileReference; fileEncoding = 4; lastKnownFileType = sourcecode.swift; path = NavigationController.swift; sourceTree = "<group>"; };
		99F530121AAAA17E003FF448 /* TableViewController.swift */ = {isa = PBXFileReference; fileEncoding = 4; lastKnownFileType = sourcecode.swift; path = TableViewController.swift; sourceTree = "<group>"; };
		99F530161AAAA4C8003FF448 /* TableViewCell.swift */ = {isa = PBXFileReference; fileEncoding = 4; lastKnownFileType = sourcecode.swift; name = TableViewCell.swift; path = ../TableViewCell.swift; sourceTree = "<group>"; };
/* End PBXFileReference section */

/* Begin PBXFrameworksBuildPhase section */
		99F52FE31AAA9FA2003FF448 /* Frameworks */ = {
			isa = PBXFrameworksBuildPhase;
			buildActionMask = 2147483647;
			files = (
			);
			runOnlyForDeploymentPostprocessing = 0;
		};
		99F52FF81AAA9FA2003FF448 /* Frameworks */ = {
			isa = PBXFrameworksBuildPhase;
			buildActionMask = 2147483647;
			files = (
			);
			runOnlyForDeploymentPostprocessing = 0;
		};
/* End PBXFrameworksBuildPhase section */

/* Begin PBXGroup section */
		99F52FDD1AAA9FA2003FF448 = {
			isa = PBXGroup;
			children = (
				99F52FE81AAA9FA2003FF448 /* TripHack */,
				99F52FFE1AAA9FA2003FF448 /* TripHackTests */,
				99F52FE71AAA9FA2003FF448 /* Products */,
			);
			sourceTree = "<group>";
		};
		99F52FE71AAA9FA2003FF448 /* Products */ = {
			isa = PBXGroup;
			children = (
				99F52FE61AAA9FA2003FF448 /* TripHack.app */,
				99F52FFB1AAA9FA2003FF448 /* TripHackTests.xctest */,
			);
			name = Products;
			sourceTree = "<group>";
		};
		99F52FE81AAA9FA2003FF448 /* TripHack */ = {
			isa = PBXGroup;
			children = (
				99F5300F1AAAA0D6003FF448 /* Photos */,
				99F52FEB1AAA9FA2003FF448 /* AppDelegate.swift */,
				99F530101AAAA127003FF448 /* NavigationController.swift */,
				99F530121AAAA17E003FF448 /* TableViewController.swift */,
				99F530161AAAA4C8003FF448 /* TableViewCell.swift */,
				99F52FEF1AAA9FA2003FF448 /* Main.storyboard */,
				99F52FF21AAA9FA2003FF448 /* Images.xcassets */,
				99F52FF41AAA9FA2003FF448 /* LaunchScreen.xib */,
				99F52FE91AAA9FA2003FF448 /* Supporting Files */,
			);
			path = TripHack;
			sourceTree = "<group>";
		};
		99F52FE91AAA9FA2003FF448 /* Supporting Files */ = {
			isa = PBXGroup;
			children = (
				99F52FEA1AAA9FA2003FF448 /* Info.plist */,
			);
			name = "Supporting Files";
			sourceTree = "<group>";
		};
		99F52FFE1AAA9FA2003FF448 /* TripHackTests */ = {
			isa = PBXGroup;
			children = (
				99F530011AAA9FA2003FF448 /* TripHackTests.swift */,
				99F52FFF1AAA9FA2003FF448 /* Supporting Files */,
			);
			path = TripHackTests;
			sourceTree = "<group>";
		};
		99F52FFF1AAA9FA2003FF448 /* Supporting Files */ = {
			isa = PBXGroup;
			children = (
				99F530001AAA9FA2003FF448 /* Info.plist */,
			);
			name = "Supporting Files";
			sourceTree = "<group>";
		};
		99F5300F1AAAA0D6003FF448 /* Photos */ = {
			isa = PBXGroup;
			children = (
				99F5300D1AAAA0B8003FF448 /* WebViewController.swift */,
			);
			name = Photos;
			sourceTree = "<group>";
		};
/* End PBXGroup section */

/* Begin PBXNativeTarget section */
		99F52FE51AAA9FA2003FF448 /* TripHack */ = {
			isa = PBXNativeTarget;
			buildConfigurationList = 99F530051AAA9FA2003FF448 /* Build configuration list for PBXNativeTarget "TripHack" */;
			buildPhases = (
				99F52FE21AAA9FA2003FF448 /* Sources */,
				99F52FE31AAA9FA2003FF448 /* Frameworks */,
				99F52FE41AAA9FA2003FF448 /* Resources */,
			);
			buildRules = (
			);
			dependencies = (
			);
			name = TripHack;
			productName = TripHack;
			productReference = 99F52FE61AAA9FA2003FF448 /* TripHack.app */;
			productType = "com.apple.product-type.application";
		};
		99F52FFA1AAA9FA2003FF448 /* TripHackTests */ = {
			isa = PBXNativeTarget;
			buildConfigurationList = 99F530081AAA9FA2003FF448 /* Build configuration list for PBXNativeTarget "TripHackTests" */;
			buildPhases = (
				99F52FF71AAA9FA2003FF448 /* Sources */,
				99F52FF81AAA9FA2003FF448 /* Frameworks */,
				99F52FF91AAA9FA2003FF448 /* Resources */,
			);
			buildRules = (
			);
			dependencies = (
				99F52FFD1AAA9FA2003FF448 /* PBXTargetDependency */,
			);
			name = TripHackTests;
			productName = TripHackTests;
			productReference = 99F52FFB1AAA9FA2003FF448 /* TripHackTests.xctest */;
			productType = "com.apple.product-type.bundle.unit-test";
		};
/* End PBXNativeTarget section */

/* Begin PBXProject section */
		99F52FDE1AAA9FA2003FF448 /* Project object */ = {
			isa = PBXProject;
			attributes = {
				LastUpgradeCheck = 0610;
				ORGANIZATIONNAME = MarinaLLC;
				TargetAttributes = {
					99F52FE51AAA9FA2003FF448 = {
						CreatedOnToolsVersion = 6.1.1;
					};
					99F52FFA1AAA9FA2003FF448 = {
						CreatedOnToolsVersion = 6.1.1;
						TestTargetID = 99F52FE51AAA9FA2003FF448;
					};
				};
			};
			buildConfigurationList = 99F52FE11AAA9FA2003FF448 /* Build configuration list for PBXProject "TripHack" */;
			compatibilityVersion = "Xcode 3.2";
			developmentRegion = English;
			hasScannedForEncodings = 0;
			knownRegions = (
				en,
				Base,
			);
			mainGroup = 99F52FDD1AAA9FA2003FF448;
			productRefGroup = 99F52FE71AAA9FA2003FF448 /* Products */;
			projectDirPath = "";
			projectRoot = "";
			targets = (
				99F52FE51AAA9FA2003FF448 /* TripHack */,
				99F52FFA1AAA9FA2003FF448 /* TripHackTests */,
			);
		};
/* End PBXProject section */

/* Begin PBXResourcesBuildPhase section */
		99F52FE41AAA9FA2003FF448 /* Resources */ = {
			isa = PBXResourcesBuildPhase;
			buildActionMask = 2147483647;
			files = (
				99F52FF11AAA9FA2003FF448 /* Main.storyboard in Resources */,
				99F52FF61AAA9FA2003FF448 /* LaunchScreen.xib in Resources */,
				99F52FF31AAA9FA2003FF448 /* Images.xcassets in Resources */,
			);
			runOnlyForDeploymentPostprocessing = 0;
		};
		99F52FF91AAA9FA2003FF448 /* Resources */ = {
			isa = PBXResourcesBuildPhase;
			buildActionMask = 2147483647;
			files = (
			);
			runOnlyForDeploymentPostprocessing = 0;
		};
/* End PBXResourcesBuildPhase section */

/* Begin PBXSourcesBuildPhase section */
		99F52FE21AAA9FA2003FF448 /* Sources */ = {
			isa = PBXSourcesBuildPhase;
			buildActionMask = 2147483647;
			files = (
				99F530171AAAA4C8003FF448 /* TableViewCell.swift in Sources */,
				99F52FEC1AAA9FA2003FF448 /* AppDelegate.swift in Sources */,
				99F530111AAAA127003FF448 /* NavigationController.swift in Sources */,
				99F5300E1AAAA0B8003FF448 /* WebViewController.swift in Sources */,
				99F530131AAAA17E003FF448 /* TableViewController.swift in Sources */,
			);
			runOnlyForDeploymentPostprocessing = 0;
		};
		99F52FF71AAA9FA2003FF448 /* Sources */ = {
			isa = PBXSourcesBuildPhase;
			buildActionMask = 2147483647;
			files = (
				99F530021AAA9FA2003FF448 /* TripHackTests.swift in Sources */,
			);
			runOnlyForDeploymentPostprocessing = 0;
		};
/* End PBXSourcesBuildPhase section */

/* Begin PBXTargetDependency section */
		99F52FFD1AAA9FA2003FF448 /* PBXTargetDependency */ = {
			isa = PBXTargetDependency;
			target = 99F52FE51AAA9FA2003FF448 /* TripHack */;
			targetProxy = 99F52FFC1AAA9FA2003FF448 /* PBXContainerItemProxy */;
		};
/* End PBXTargetDependency section */

/* Begin PBXVariantGroup section */
		99F52FEF1AAA9FA2003FF448 /* Main.storyboard */ = {
			isa = PBXVariantGroup;
			children = (
				99F52FF01AAA9FA2003FF448 /* Base */,
			);
			name = Main.storyboard;
			sourceTree = "<group>";
		};
		99F52FF41AAA9FA2003FF448 /* LaunchScreen.xib */ = {
			isa = PBXVariantGroup;
			children = (
				99F52FF51AAA9FA2003FF448 /* Base */,
			);
			name = LaunchScreen.xib;
			sourceTree = "<group>";
		};
/* End PBXVariantGroup section */

/* Begin XCBuildConfiguration section */
		99F530031AAA9FA2003FF448 /* Debug */ = {
			isa = XCBuildConfiguration;
			buildSettings = {
				ALWAYS_SEARCH_USER_PATHS = NO;
				CLANG_CXX_LANGUAGE_STANDARD = "gnu++0x";
				CLANG_CXX_LIBRARY = "libc++";
				CLANG_ENABLE_MODULES = YES;
				CLANG_ENABLE_OBJC_ARC = YES;
				CLANG_WARN_BOOL_CONVERSION = YES;
				CLANG_WARN_CONSTANT_CONVERSION = YES;
				CLANG_WARN_DIRECT_OBJC_ISA_USAGE = YES_ERROR;
				CLANG_WARN_EMPTY_BODY = YES;
				CLANG_WARN_ENUM_CONVERSION = YES;
				CLANG_WARN_INT_CONVERSION = YES;
				CLANG_WARN_OBJC_ROOT_CLASS = YES_ERROR;
				CLANG_WARN_UNREACHABLE_CODE = YES;
				CLANG_WARN__DUPLICATE_METHOD_MATCH = YES;
				"CODE_SIGN_IDENTITY[sdk=iphoneos*]" = "iPhone Developer";
				COPY_PHASE_STRIP = NO;
				ENABLE_STRICT_OBJC_MSGSEND = YES;
				GCC_C_LANGUAGE_STANDARD = gnu99;
				GCC_DYNAMIC_NO_PIC = NO;
				GCC_OPTIMIZATION_LEVEL = 0;
				GCC_PREPROCESSOR_DEFINITIONS = (
					"DEBUG=1",
					"$(inherited)",
				);
				GCC_SYMBOLS_PRIVATE_EXTERN = NO;
				GCC_WARN_64_TO_32_BIT_CONVERSION = YES;
				GCC_WARN_ABOUT_RETURN_TYPE = YES_ERROR;
				GCC_WARN_UNDECLARED_SELECTOR = YES;
				GCC_WARN_UNINITIALIZED_AUTOS = YES_AGGRESSIVE;
				GCC_WARN_UNUSED_FUNCTION = YES;
				GCC_WARN_UNUSED_VARIABLE = YES;
				IPHONEOS_DEPLOYMENT_TARGET = 8.1;
				MTL_ENABLE_DEBUG_INFO = YES;
				ONLY_ACTIVE_ARCH = YES;
				SDKROOT = iphoneos;
				SWIFT_OPTIMIZATION_LEVEL = "-Onone";
			};
			name = Debug;
		};
		99F530041AAA9FA2003FF448 /* Release */ = {
			isa = XCBuildConfiguration;
			buildSettings = {
				ALWAYS_SEARCH_USER_PATHS = NO;
				CLANG_CXX_LANGUAGE_STANDARD = "gnu++0x";
				CLANG_CXX_LIBRARY = "libc++";
				CLANG_ENABLE_MODULES = YES;
				CLANG_ENABLE_OBJC_ARC = YES;
				CLANG_WARN_BOOL_CONVERSION = YES;
				CLANG_WARN_CONSTANT_CONVERSION = YES;
				CLANG_WARN_DIRECT_OBJC_ISA_USAGE = YES_ERROR;
				CLANG_WARN_EMPTY_BODY = YES;
				CLANG_WARN_ENUM_CONVERSION = YES;
				CLANG_WARN_INT_CONVERSION = YES;
				CLANG_WARN_OBJC_ROOT_CLASS = YES_ERROR;
				CLANG_WARN_UNREACHABLE_CODE = YES;
				CLANG_WARN__DUPLICATE_METHOD_MATCH = YES;
				"CODE_SIGN_IDENTITY[sdk=iphoneos*]" = "iPhone Developer";
				COPY_PHASE_STRIP = YES;
				ENABLE_NS_ASSERTIONS = NO;
				ENABLE_STRICT_OBJC_MSGSEND = YES;
				GCC_C_LANGUAGE_STANDARD = gnu99;
				GCC_WARN_64_TO_32_BIT_CONVERSION = YES;
				GCC_WARN_ABOUT_RETURN_TYPE = YES_ERROR;
				GCC_WARN_UNDECLARED_SELECTOR = YES;
				GCC_WARN_UNINITIALIZED_AUTOS = YES_AGGRESSIVE;
				GCC_WARN_UNUSED_FUNCTION = YES;
				GCC_WARN_UNUSED_VARIABLE = YES;
				IPHONEOS_DEPLOYMENT_TARGET = 8.1;
				MTL_ENABLE_DEBUG_INFO = NO;
				SDKROOT = iphoneos;
				VALIDATE_PRODUCT = YES;
			};
			name = Release;
		};
		99F530061AAA9FA2003FF448 /* Debug */ = {
			isa = XCBuildConfiguration;
			buildSettings = {
				ASSETCATALOG_COMPILER_APPICON_NAME = AppIcon;
				INFOPLIST_FILE = TripHack/Info.plist;
				LD_RUNPATH_SEARCH_PATHS = "$(inherited) @executable_path/Frameworks";
				PRODUCT_NAME = "$(TARGET_NAME)";
			};
			name = Debug;
		};
		99F530071AAA9FA2003FF448 /* Release */ = {
			isa = XCBuildConfiguration;
			buildSettings = {
				ASSETCATALOG_COMPILER_APPICON_NAME = AppIcon;
				INFOPLIST_FILE = TripHack/Info.plist;
				LD_RUNPATH_SEARCH_PATHS = "$(inherited) @executable_path/Frameworks";
				PRODUCT_NAME = "$(TARGET_NAME)";
			};
			name = Release;
		};
		99F530091AAA9FA2003FF448 /* Debug */ = {
			isa = XCBuildConfiguration;
			buildSettings = {
				BUNDLE_LOADER = "$(TEST_HOST)";
				FRAMEWORK_SEARCH_PATHS = (
					"$(SDKROOT)/Developer/Library/Frameworks",
					"$(inherited)",
				);
				GCC_PREPROCESSOR_DEFINITIONS = (
					"DEBUG=1",
					"$(inherited)",
				);
				INFOPLIST_FILE = TripHackTests/Info.plist;
				LD_RUNPATH_SEARCH_PATHS = "$(inherited) @executable_path/Frameworks @loader_path/Frameworks";
				PRODUCT_NAME = "$(TARGET_NAME)";
				TEST_HOST = "$(BUILT_PRODUCTS_DIR)/TripHack.app/TripHack";
			};
			name = Debug;
		};
		99F5300A1AAA9FA2003FF448 /* Release */ = {
			isa = XCBuildConfiguration;
			buildSettings = {
				BUNDLE_LOADER = "$(TEST_HOST)";
				FRAMEWORK_SEARCH_PATHS = (
					"$(SDKROOT)/Developer/Library/Frameworks",
					"$(inherited)",
				);
				INFOPLIST_FILE = TripHackTests/Info.plist;
				LD_RUNPATH_SEARCH_PATHS = "$(inherited) @executable_path/Frameworks @loader_path/Frameworks";
				PRODUCT_NAME = "$(TARGET_NAME)";
				TEST_HOST = "$(BUILT_PRODUCTS_DIR)/TripHack.app/TripHack";
			};
			name = Release;
		};
/* End XCBuildConfiguration section */

/* Begin XCConfigurationList section */
		99F52FE11AAA9FA2003FF448 /* Build configuration list for PBXProject "TripHack" */ = {
			isa = XCConfigurationList;
			buildConfigurations = (
				99F530031AAA9FA2003FF448 /* Debug */,
				99F530041AAA9FA2003FF448 /* Release */,
			);
			defaultConfigurationIsVisible = 0;
			defaultConfigurationName = Release;
		};
		99F530051AAA9FA2003FF448 /* Build configuration list for PBXNativeTarget "TripHack" */ = {
			isa = XCConfigurationList;
			buildConfigurations = (
				99F530061AAA9FA2003FF448 /* Debug */,
				99F530071AAA9FA2003FF448 /* Release */,
			);
			defaultConfigurationIsVisible = 0;
		};
		99F530081AAA9FA2003FF448 /* Build configuration list for PBXNativeTarget "TripHackTests" */ = {
			isa = XCConfigurationList;
			buildConfigurations = (
				99F530091AAA9FA2003FF448 /* Debug */,
				99F5300A1AAA9FA2003FF448 /* Release */,
			);
			defaultConfigurationIsVisible = 0;
		};
/* End XCConfigurationList section */
	};
	rootObject = 99F52FDE1AAA9FA2003FF448 /* Project object */;
}
